
Microsoft Visual Studio Solution File, Format Version 12.00
# Visual Studio Version 16
VisualStudioVersion = 16.0.28803.156
MinimumVisualStudioVersion = 10.0.40219.1
Project("{FAE04EC0-301F-11D3-BF4B-00C04F79EFBC}") = "MVC1", "MVC1\MVC1.csproj", "{23C829DF-8728-4C8A-AC00-5BCB231384CF}"
EndProject
Global
	GlobalSection(SolutionConfigurationPlatforms) = preSolution
		Debug|Any CPU = Debug|Any CPU
		Release|Any CPU = Release|Any CPU
	EndGlobalSection
	GlobalSection(ProjectConfigurationPlatforms) = postSolution
		{23C829DF-8728-4C8A-AC00-5BCB231384CF}.Debug|Any CPU.ActiveCfg = Debug|Any CPU
		{23C829DF-8728-4C8A-AC00-5BCB231384CF}.Debug|Any CPU.Build.0 = Debug|Any CPU
		{23C829DF-8728-4C8A-AC00-5BCB231384CF}.Release|Any CPU.ActiveCfg = Release|Any CPU
		{23C829DF-8728-4C8A-AC00-5BCB231384CF}.Release|Any CPU.Build.0 = Release|Any CPU
	EndGlobalSection
	GlobalSection(SolutionProperties) = preSolution
		HideSolutionNode = FALSE
	EndGlobalSection
	GlobalSection(ExtensibilityGlobals) = postSolution
		SolutionGuid = {A99479D6-F8B8-4748-98CC-424B609AEFE2}
	EndGlobalSection
EndGlobal
